
Microsoft Visual Studio Solution File, Format Version 12.00
# Visual Studio 14
VisualStudioVersion = 14.0.25123.0
MinimumVisualStudioVersion = 10.0.40219.1
Project("{FAE04EC0-301F-11D3-BF4B-00C04F79EFBC}") = "NPC_Game", "NPC_Game\NPC_Game\NPC_Game.csproj", "{E6A37A4C-6155-48C7-8400-58C5FE99301D}"
EndProject
Project("{96E2B04D-8817-42C6-938A-82C39BA4D311}") = "NPC_GameContent", "NPC_Game\NPC_GameContent\NPC_GameContent.contentproj", "{48B194EE-44C4-4758-A363-BBBB77B9DFDE}"
EndProject
Global
	GlobalSection(SolutionConfigurationPlatforms) = preSolution
		Debug|x86 = Debug|x86
		Release|x86 = Release|x86
	EndGlobalSection
	GlobalSection(ProjectConfigurationPlatforms) = postSolution
		{E6A37A4C-6155-48C7-8400-58C5FE99301D}.Debug|x86.ActiveCfg = Debug|x86
		{E6A37A4C-6155-48C7-8400-58C5FE99301D}.Debug|x86.Build.0 = Debug|x86
		{E6A37A4C-6155-48C7-8400-58C5FE99301D}.Release|x86.ActiveCfg = Release|x86
		{E6A37A4C-6155-48C7-8400-58C5FE99301D}.Release|x86.Build.0 = Release|x86
		{48B194EE-44C4-4758-A363-BBBB77B9DFDE}.Debug|x86.ActiveCfg = Debug|x86
		{48B194EE-44C4-4758-A363-BBBB77B9DFDE}.Release|x86.ActiveCfg = Release|x86
	EndGlobalSection
	GlobalSection(SolutionProperties) = preSolution
		HideSolutionNode = FALSE
	EndGlobalSection
EndGlobal
